# This file was autogenerated by Stack.
# You should not edit this file by hand.
# For more information, please see the documentation at:
#   https://docs.haskellstack.org/en/stable/lock_files

packages:
- completed:
    size: 84778
    url: https://github.com/jcpetruzza/barbies/archive/master.zip
    cabal-file:
      size: 4407
      sha256: 289c0ab2a8477dc09d70653f437b7b83caa8969cc007c866bc52606121cce3c1
    name: barbies
    version: 2.0.1.0
    sha256: e4d754a52a82e231a4ab21c69f62605b7a68eb5ad708e78cf4a0150d6b6d6285
    pantry-tree:
      size: 4747
      sha256: 16c35768326130f8835ef06b0206d347effe991b75d0db002987294a8e198fb4
  original:
    url: https://github.com/jcpetruzza/barbies/archive/master.zip
- completed:
    hackage: named-0.3.0.1@sha256:2975d50c9c5d88095026ffc1303d2d9be52e5f588a8f8bcb7003a04b79f10a06,2312
    pantry-tree:
      size: 426
      sha256: e0df5f146ecd48ef129dd74f868e8d2d754f0a11b36c5d0e56bd4b1947433c9f
  original:
    hackage: named-0.3.0.1@sha256:2975d50c9c5d88095026ffc1303d2d9be52e5f588a8f8bcb7003a04b79f10a06,2312
snapshots:
- completed:
    size: 494638
    url: https://raw.githubusercontent.com/commercialhaskell/stackage-snapshots/master/lts/15/11.yaml
    sha256: 5747328cdcbb8fe9c96fc048b5566167c80dd176a41b52d3b363058e3cc1dc5d
  original: lts-15.11
